
Microsoft Visual Studio Solution File, Format Version 12.00
# Visual Studio Version 17
VisualStudioVersion = 17.0.32112.339
MinimumVisualStudioVersion = 10.0.40219.1
Project("{FAE04EC0-301F-11D3-BF4B-00C04F79EFBC}") = "Gonzalez_Virginia_Unidad1", "Gonzalez_Virginia_Unidad1\Gonzalez_Virginia_Unidad1.csproj", "{47E451C6-E8D6-496B-AC58-EE25DB3D9A38}"
EndProject
Global
	GlobalSection(SolutionConfigurationPlatforms) = preSolution
		Debug|Any CPU = Debug|Any CPU
		Release|Any CPU = Release|Any CPU
	EndGlobalSection
	GlobalSection(ProjectConfigurationPlatforms) = postSolution
		{47E451C6-E8D6-496B-AC58-EE25DB3D9A38}.Debug|Any CPU.ActiveCfg = Debug|Any CPU
		{47E451C6-E8D6-496B-AC58-EE25DB3D9A38}.Debug|Any CPU.Build.0 = Debug|Any CPU
		{47E451C6-E8D6-496B-AC58-EE25DB3D9A38}.Release|Any CPU.ActiveCfg = Release|Any CPU
		{47E451C6-E8D6-496B-AC58-EE25DB3D9A38}.Release|Any CPU.Build.0 = Release|Any CPU
	EndGlobalSection
	GlobalSection(SolutionProperties) = preSolution
		HideSolutionNode = FALSE
	EndGlobalSection
	GlobalSection(ExtensibilityGlobals) = postSolution
		SolutionGuid = {07EFD45D-EC74-4816-9E44-3572B83F9570}
	EndGlobalSection
EndGlobal
